# This file is generated by running "yarn install" inside your project.
# Manual changes might be lost - proceed with caution!

__metadata:
  version: 8
  cacheKey: 10c0

"synckit@link:../../..::locator=yarn-pnp%40workspace%3A.":
  version: 0.0.0-use.local
  resolution: "synckit@link:../../..::locator=yarn-pnp%40workspace%3A."
  languageName: node
  linkType: soft

"yarn-pnp@workspace:.":
  version: 0.0.0-use.local
  resolution: "yarn-pnp@workspace:."
  dependencies:
    synckit: "link:../../.."
  languageName: unknown
  linkType: soft
